
Microsoft Visual Studio Solution File, Format Version 11.00
# Visual C++ Express 2010
Project("{8BC9CEB8-8B4A-11D0-8D11-00A0C91BC942}") = "TestCode", "TrainerCode2.vcxproj", "{472DCA5B-EDE6-4F19-AB53-D10DB291053F}"
EndProject
Global
	GlobalSection(SolutionConfigurationPlatforms) = preSolution
		Debug|Win32 = Debug|Win32
		Release|Win32 = Release|Win32
	EndGlobalSection
	GlobalSection(ProjectConfigurationPlatforms) = postSolution
		{472DCA5B-EDE6-4F19-AB53-D10DB291053F}.Debug|Win32.ActiveCfg = Debug|Win32
		{472DCA5B-EDE6-4F19-AB53-D10DB291053F}.Debug|Win32.Build.0 = Debug|Win32
		{472DCA5B-EDE6-4F19-AB53-D10DB291053F}.Release|Win32.ActiveCfg = Release|Win32
		{472DCA5B-EDE6-4F19-AB53-D10DB291053F}.Release|Win32.Build.0 = Release|Win32
	EndGlobalSection
	GlobalSection(SolutionProperties) = preSolution
		HideSolutionNode = FALSE
	EndGlobalSection
EndGlobal
